github.com/OneOfOne/xxhash v1.2.7 h1:fzrmmkskv067ZQbd9wERNGuxckWw67dyzoMG62p7LMo=
github.com/OneOfOne/xxhash v1.2.7/go.mod h1:eZbhyaAYD41SGSSsnmcpxVoRiQ/MPUTjUdIIOT9Um7Q=
github.com/cornelk/hashmap v1.0.1/go.mod h1:8wbysTUDnwJGrPZ1Iwsou3m+An6sldFrJItjRhfegCw=
github.com/dchest/siphash v1.1.0/go.mod h1:q+IRvb2gOSrUnYoPqHiyHXS0FOBBOdl6tONBlVnOnt4=
github.com/huandu/go-tls v0.0.0-20200109070953-6f75fb441850 h1:e6Xuec7psx1wWcYffIzWzhXBBFOJ526073fie9Cc79c=
github.com/huandu/go-tls v0.0.0-20200109070953-6f75fb441850/go.mod h1:WeItecBdaIdUBRb7cSMMk+rq41iFKhf6Q9mDRDpbdec=
github.com/xaionaro-go/atomicmap v0.0.0-20190720091258-77e7f2aaf663 h1:VSBUTFejGxn9g7REjbuDOqa8D/Uwi5RKkM4Unt8BkmA=
github.com/xaionaro-go/atomicmap v0.0.0-20190720091258-77e7f2aaf663/go.mod h1:EUAhUKJwM23y93l7nOx0aWZaIM9Xeh8crtOonA7tIhI=
github.com/xaionaro-go/atomicmap v0.0.0-20200307233044-c040bc137895 h1:PFzS0ykP4VVJmqv94Khyp6U5QavIdcrQZw9E13G+Go8=
github.com/xaionaro-go/atomicmap v0.0.0-20200307233044-c040bc137895/go.mod h1:WgfDl7x9++CVnKSu63ThFhBF3nvgj60Ft1nCgrOSgWM=
github.com/xaionaro-go/rand v0.0.0-20191005105903-aba1befc54a5 h1:99a+XCYQ9ed4WjW7s2wJXjTUejOznFL+bOKMJtVLh80=
github.com/xaionaro-go/rand v0.0.0-20191005105903-aba1befc54a5/go.mod h1:7GUXx8dYHRMAYntgs4o1Vm1IPZ7EIpGbev68nKIKGMQ=
github.com/xaionaro-go/spinlock v0.0.0-20190309154744-55278e21e817 h1:0ikx4JlTx9uNiHGGC4o0k93GhcWOtONYdhk2H8RUnZU=
github.com/xaionaro-go/spinlock v0.0.0-20190309154744-55278e21e817/go.mod h1:Nb/15eS0BMty6TMuWgRQM8WCDIUlyPZagcpchHT6c9Y=
github.com/yireyun/goid v0.0.0-20171123150103-5845f99da842 h1:IJj68P3bLF4YcMq9LNcAqxqR4u0vCM4Yy87P9EHIb1I=
github.com/yireyun/goid v0.0.0-20171123150103-5845f99da842/go.mod h1:x04hEz1q/rT2pqD4+pRJPmnJr4ovFyZPspgMGAz9GOU=
golang.org/x/sys v0.0.0-20200107162124-548cf772de50/go.mod h1:h1NjWce9XRLGQEsW7wpKNCjG9DtNlClVuFLEZdDNbEs=
